
Microsoft Visual Studio Solution File, Format Version 12.00
# Visual Studio Version 16
VisualStudioVersion = 16.0.30717.126
MinimumVisualStudioVersion = 10.0.40219.1
Project("{888888A0-9F3D-457C-B088-3A5042F75D52}") = "todoer", "todoer.pyproj", "{8E92B813-CF86-48C6-B7B0-FA77C97AAD6E}"
EndProject
Global
	GlobalSection(SolutionConfigurationPlatforms) = preSolution
		Debug|Any CPU = Debug|Any CPU
		Release|Any CPU = Release|Any CPU
	EndGlobalSection
	GlobalSection(ProjectConfigurationPlatforms) = postSolution
		{8E92B813-CF86-48C6-B7B0-FA77C97AAD6E}.Debug|Any CPU.ActiveCfg = Debug|Any CPU
		{8E92B813-CF86-48C6-B7B0-FA77C97AAD6E}.Debug|Any CPU.Build.0 = Debug|Any CPU
		{8E92B813-CF86-48C6-B7B0-FA77C97AAD6E}.Release|Any CPU.ActiveCfg = Release|Any CPU
		{8E92B813-CF86-48C6-B7B0-FA77C97AAD6E}.Release|Any CPU.Build.0 = Release|Any CPU
	EndGlobalSection
	GlobalSection(SolutionProperties) = preSolution
		HideSolutionNode = FALSE
	EndGlobalSection
	GlobalSection(ExtensibilityGlobals) = postSolution
		SolutionGuid = {A13DDEB2-2A78-40B9-80D5-6DB21FA45310}
	EndGlobalSection
EndGlobal
